
Microsoft Visual Studio Solution File, Format Version 12.00
# Visual Studio 14
VisualStudioVersion = 14.0.25420.1
MinimumVisualStudioVersion = 10.0.40219.1
Project("{FAE04EC0-301F-11D3-BF4B-00C04F79EFBC}") = "GameData", "GameData\GameData.csproj", "{7A3515EC-E838-4A45-B1CC-98628A5CD1F8}"
EndProject
Project("{FAE04EC0-301F-11D3-BF4B-00C04F79EFBC}") = "GraphQL-Testing", "GraphQLTest\GraphQL-Testing.csproj", "{CADD9E44-D08D-4F16-855F-4A8555870236}"
EndProject
Global
	GlobalSection(SolutionConfigurationPlatforms) = preSolution
		Debug|Any CPU = Debug|Any CPU
		Release|Any CPU = Release|Any CPU
	EndGlobalSection
	GlobalSection(ProjectConfigurationPlatforms) = postSolution
		{7A3515EC-E838-4A45-B1CC-98628A5CD1F8}.Debug|Any CPU.ActiveCfg = Debug|Any CPU
		{7A3515EC-E838-4A45-B1CC-98628A5CD1F8}.Debug|Any CPU.Build.0 = Debug|Any CPU
		{7A3515EC-E838-4A45-B1CC-98628A5CD1F8}.Release|Any CPU.ActiveCfg = Release|Any CPU
		{7A3515EC-E838-4A45-B1CC-98628A5CD1F8}.Release|Any CPU.Build.0 = Release|Any CPU
		{CADD9E44-D08D-4F16-855F-4A8555870236}.Debug|Any CPU.ActiveCfg = Debug|Any CPU
		{CADD9E44-D08D-4F16-855F-4A8555870236}.Debug|Any CPU.Build.0 = Debug|Any CPU
		{CADD9E44-D08D-4F16-855F-4A8555870236}.Release|Any CPU.ActiveCfg = Release|Any CPU
		{CADD9E44-D08D-4F16-855F-4A8555870236}.Release|Any CPU.Build.0 = Release|Any CPU
	EndGlobalSection
	GlobalSection(SolutionProperties) = preSolution
		HideSolutionNode = FALSE
	EndGlobalSection
EndGlobal
